// !$*UTF8*$!
{
	archiveVersion = 1;
	classes = {
	};
	objectVersion = 48;
	objects = {

/* Begin PBXBuildFile section */
		EA2B4E5E1FB803CA00190DDF /* LeagueVC.swift in Sources */ = {isa = PBXBuildFile; fileRef = EA2B4E5D1FB803CA00190DDF /* LeagueVC.swift */; };
		EA2B4E601FB8072700190DDF /* SkillVC.swift in Sources */ = {isa = PBXBuildFile; fileRef = EA2B4E5F1FB8072700190DDF /* SkillVC.swift */; };
		EA2B4E621FB823DA00190DDF /* Player.swift in Sources */ = {isa = PBXBuildFile; fileRef = EA2B4E611FB823DA00190DDF /* Player.swift */; };
		EAF689631FAFF97900694EF5 /* AppDelegate.swift in Sources */ = {isa = PBXBuildFile; fileRef = EAF689621FAFF97900694EF5 /* AppDelegate.swift */; };
		EAF689651FAFF97900694EF5 /* WelcomeVC.swift in Sources */ = {isa = PBXBuildFile; fileRef = EAF689641FAFF97900694EF5 /* WelcomeVC.swift */; };
		EAF689681FAFF97900694EF5 /* Main.storyboard in Resources */ = {isa = PBXBuildFile; fileRef = EAF689661FAFF97900694EF5 /* Main.storyboard */; };
		EAF6896A1FAFF97900694EF5 /* Assets.xcassets in Resources */ = {isa = PBXBuildFile; fileRef = EAF689691FAFF97900694EF5 /* Assets.xcassets */; };
		EAF6896D1FAFF97900694EF5 /* LaunchScreen.storyboard in Resources */ = {isa = PBXBuildFile; fileRef = EAF6896B1FAFF97900694EF5 /* LaunchScreen.storyboard */; };
		EAF689761FB27A5400694EF5 /* BorderButton.swift in Sources */ = {isa = PBXBuildFile; fileRef = EAF689751FB27A5400694EF5 /* BorderButton.swift */; };
/* End PBXBuildFile section */

/* Begin PBXFileReference section */
		EA2B4E5D1FB803CA00190DDF /* LeagueVC.swift */ = {isa = PBXFileReference; lastKnownFileType = sourcecode.swift; path = LeagueVC.swift; sourceTree = "<group>"; };
		EA2B4E5F1FB8072700190DDF /* SkillVC.swift */ = {isa = PBXFileReference; lastKnownFileType = sourcecode.swift; path = SkillVC.swift; sourceTree = "<group>"; };
		EA2B4E611FB823DA00190DDF /* Player.swift */ = {isa = PBXFileReference; lastKnownFileType = sourcecode.swift; path = Player.swift; sourceTree = "<group>"; };
		EAF6895F1FAFF97900694EF5 /* app-swoosh.app */ = {isa = PBXFileReference; explicitFileType = wrapper.application; includeInIndex = 0; path = "app-swoosh.app"; sourceTree = BUILT_PRODUCTS_DIR; };
		EAF689621FAFF97900694EF5 /* AppDelegate.swift */ = {isa = PBXFileReference; lastKnownFileType = sourcecode.swift; path = AppDelegate.swift; sourceTree = "<group>"; };
		EAF689641FAFF97900694EF5 /* WelcomeVC.swift */ = {isa = PBXFileReference; lastKnownFileType = sourcecode.swift; path = WelcomeVC.swift; sourceTree = "<group>"; };
		EAF689671FAFF97900694EF5 /* Base */ = {isa = PBXFileReference; lastKnownFileType = file.storyboard; name = Base; path = Base.lproj/Main.storyboard; sourceTree = "<group>"; };
		EAF689691FAFF97900694EF5 /* Assets.xcassets */ = {isa = PBXFileReference; lastKnownFileType = folder.assetcatalog; path = Assets.xcassets; sourceTree = "<group>"; };
		EAF6896C1FAFF97900694EF5 /* Base */ = {isa = PBXFileReference; lastKnownFileType = file.storyboard; name = Base; path = Base.lproj/LaunchScreen.storyboard; sourceTree = "<group>"; };
		EAF6896E1FAFF97900694EF5 /* Info.plist */ = {isa = PBXFileReference; lastKnownFileType = text.plist.xml; path = Info.plist; sourceTree = "<group>"; };
		EAF689751FB27A5400694EF5 /* BorderButton.swift */ = {isa = PBXFileReference; lastKnownFileType = sourcecode.swift; path = BorderButton.swift; sourceTree = "<group>"; };
/* End PBXFileReference section */

/* Begin PBXFrameworksBuildPhase section */
		EAF6895C1FAFF97900694EF5 /* Frameworks */ = {
			isa = PBXFrameworksBuildPhase;
			buildActionMask = 2147483647;
			files = (
			);
			runOnlyForDeploymentPostprocessing = 0;
		};
/* End PBXFrameworksBuildPhase section */

/* Begin PBXGroup section */
		EA2B4E5B1FB7FC2000190DDF /* Model */ = {
			isa = PBXGroup;
			children = (
				EA2B4E611FB823DA00190DDF /* Player.swift */,
			);
			path = Model;
			sourceTree = "<group>";
		};
		EA2B4E5C1FB7FC2D00190DDF /* Controller */ = {
			isa = PBXGroup;
			children = (
				EAF689641FAFF97900694EF5 /* WelcomeVC.swift */,
				EA2B4E5D1FB803CA00190DDF /* LeagueVC.swift */,
				EA2B4E5F1FB8072700190DDF /* SkillVC.swift */,
			);
			path = Controller;
			sourceTree = "<group>";
		};
		EAF689561FAFF97800694EF5 = {
			isa = PBXGroup;
			children = (
				EAF689611FAFF97900694EF5 /* app-swoosh */,
				EAF689601FAFF97900694EF5 /* Products */,
			);
			sourceTree = "<group>";
		};
		EAF689601FAFF97900694EF5 /* Products */ = {
			isa = PBXGroup;
			children = (
				EAF6895F1FAFF97900694EF5 /* app-swoosh.app */,
			);
			name = Products;
			sourceTree = "<group>";
		};
		EAF689611FAFF97900694EF5 /* app-swoosh */ = {
			isa = PBXGroup;
			children = (
				EA2B4E5C1FB7FC2D00190DDF /* Controller */,
				EA2B4E5B1FB7FC2000190DDF /* Model */,
				EAF689741FB2787800694EF5 /* View */,
				EAF689621FAFF97900694EF5 /* AppDelegate.swift */,
				EAF689661FAFF97900694EF5 /* Main.storyboard */,
				EAF689691FAFF97900694EF5 /* Assets.xcassets */,
				EAF6896B1FAFF97900694EF5 /* LaunchScreen.storyboard */,
				EAF6896E1FAFF97900694EF5 /* Info.plist */,
			);
			path = "app-swoosh";
			sourceTree = "<group>";
		};
		EAF689741FB2787800694EF5 /* View */ = {
			isa = PBXGroup;
			children = (
				EAF689751FB27A5400694EF5 /* BorderButton.swift */,
			);
			path = View;
			sourceTree = "<group>";
		};
/* End PBXGroup section */

/* Begin PBXNativeTarget section */
		EAF6895E1FAFF97900694EF5 /* app-swoosh */ = {
			isa = PBXNativeTarget;
			buildConfigurationList = EAF689711FAFF97900694EF5 /* Build configuration list for PBXNativeTarget "app-swoosh" */;
			buildPhases = (
				EAF6895B1FAFF97900694EF5 /* Sources */,
				EAF6895C1FAFF97900694EF5 /* Frameworks */,
				EAF6895D1FAFF97900694EF5 /* Resources */,
			);
			buildRules = (
			);
			dependencies = (
			);
			name = "app-swoosh";
			productName = "app-swoosh";
			productReference = EAF6895F1FAFF97900694EF5 /* app-swoosh.app */;
			productType = "com.apple.product-type.application";
		};
/* End PBXNativeTarget section */

/* Begin PBXProject section */
		EAF689571FAFF97800694EF5 /* Project object */ = {
			isa = PBXProject;
			attributes = {
				LastSwiftUpdateCheck = 0910;
				LastUpgradeCheck = 0910;
				ORGANIZATIONNAME = Charly;
				TargetAttributes = {
					EAF6895E1FAFF97900694EF5 = {
						CreatedOnToolsVersion = 9.1;
						ProvisioningStyle = Automatic;
					};
				};
			};
			buildConfigurationList = EAF6895A1FAFF97800694EF5 /* Build configuration list for PBXProject "app-swoosh" */;
			compatibilityVersion = "Xcode 8.0";
			developmentRegion = en;
			hasScannedForEncodings = 0;
			knownRegions = (
				en,
				Base,
			);
			mainGroup = EAF689561FAFF97800694EF5;
			productRefGroup = EAF689601FAFF97900694EF5 /* Products */;
			projectDirPath = "";
			projectRoot = "";
			targets = (
				EAF6895E1FAFF97900694EF5 /* app-swoosh */,
			);
		};
/* End PBXProject section */

/* Begin PBXResourcesBuildPhase section */
		EAF6895D1FAFF97900694EF5 /* Resources */ = {
			isa = PBXResourcesBuildPhase;
			buildActionMask = 2147483647;
			files = (
				EAF6896D1FAFF97900694EF5 /* LaunchScreen.storyboard in Resources */,
				EAF6896A1FAFF97900694EF5 /* Assets.xcassets in Resources */,
				EAF689681FAFF97900694EF5 /* Main.storyboard in Resources */,
			);
			runOnlyForDeploymentPostprocessing = 0;
		};
/* End PBXResourcesBuildPhase section */

/* Begin PBXSourcesBuildPhase section */
		EAF6895B1FAFF97900694EF5 /* Sources */ = {
			isa = PBXSourcesBuildPhase;
			buildActionMask = 2147483647;
			files = (
				EAF689651FAFF97900694EF5 /* WelcomeVC.swift in Sources */,
				EA2B4E5E1FB803CA00190DDF /* LeagueVC.swift in Sources */,
				EAF689631FAFF97900694EF5 /* AppDelegate.swift in Sources */,
				EA2B4E601FB8072700190DDF /* SkillVC.swift in Sources */,
				EA2B4E621FB823DA00190DDF /* Player.swift in Sources */,
				EAF689761FB27A5400694EF5 /* BorderButton.swift in Sources */,
			);
			runOnlyForDeploymentPostprocessing = 0;
		};
/* End PBXSourcesBuildPhase section */

/* Begin PBXVariantGroup section */
		EAF689661FAFF97900694EF5 /* Main.storyboard */ = {
			isa = PBXVariantGroup;
			children = (
				EAF689671FAFF97900694EF5 /* Base */,
			);
			name = Main.storyboard;
			sourceTree = "<group>";
		};
		EAF6896B1FAFF97900694EF5 /* LaunchScreen.storyboard */ = {
			isa = PBXVariantGroup;
			children = (
				EAF6896C1FAFF97900694EF5 /* Base */,
			);
			name = LaunchScreen.storyboard;
			sourceTree = "<group>";
		};
/* End PBXVariantGroup section */

/* Begin XCBuildConfiguration section */
		EAF6896F1FAFF97900694EF5 /* Debug */ = {
			isa = XCBuildConfiguration;
			buildSettings = {
				ALWAYS_SEARCH_USER_PATHS = NO;
				CLANG_ANALYZER_NONNULL = YES;
				CLANG_ANALYZER_NUMBER_OBJECT_CONVERSION = YES_AGGRESSIVE;
				CLANG_CXX_LANGUAGE_STANDARD = "gnu++14";
				CLANG_CXX_LIBRARY = "libc++";
				CLANG_ENABLE_MODULES = YES;
				CLANG_ENABLE_OBJC_ARC = YES;
				CLANG_WARN_BLOCK_CAPTURE_AUTORELEASING = YES;
				CLANG_WARN_BOOL_CONVERSION = YES;
				CLANG_WARN_COMMA = YES;
				CLANG_WARN_CONSTANT_CONVERSION = YES;
				CLANG_WARN_DIRECT_OBJC_ISA_USAGE = YES_ERROR;
				CLANG_WARN_DOCUMENTATION_COMMENTS = YES;
				CLANG_WARN_EMPTY_BODY = YES;
				CLANG_WARN_ENUM_CONVERSION = YES;
				CLANG_WARN_INFINITE_RECURSION = YES;
				CLANG_WARN_INT_CONVERSION = YES;
				CLANG_WARN_NON_LITERAL_NULL_CONVERSION = YES;
				CLANG_WARN_OBJC_LITERAL_CONVERSION = YES;
				CLANG_WARN_OBJC_ROOT_CLASS = YES_ERROR;
				CLANG_WARN_RANGE_LOOP_ANALYSIS = YES;
				CLANG_WARN_STRICT_PROTOTYPES = YES;
				CLANG_WARN_SUSPICIOUS_MOVE = YES;
				CLANG_WARN_UNGUARDED_AVAILABILITY = YES_AGGRESSIVE;
				CLANG_WARN_UNREACHABLE_CODE = YES;
				CLANG_WARN__DUPLICATE_METHOD_MATCH = YES;
				CODE_SIGN_IDENTITY = "iPhone Developer";
				COPY_PHASE_STRIP = NO;
				DEBUG_INFORMATION_FORMAT = dwarf;
				ENABLE_STRICT_OBJC_MSGSEND = YES;
				ENABLE_TESTABILITY = YES;
				GCC_C_LANGUAGE_STANDARD = gnu11;
				GCC_DYNAMIC_NO_PIC = NO;
				GCC_NO_COMMON_BLOCKS = YES;
				GCC_OPTIMIZATION_LEVEL = 0;
				GCC_PREPROCESSOR_DEFINITIONS = (
					"DEBUG=1",
					"$(inherited)",
				);
				GCC_WARN_64_TO_32_BIT_CONVERSION = YES;
				GCC_WARN_ABOUT_RETURN_TYPE = YES_ERROR;
				GCC_WARN_UNDECLARED_SELECTOR = YES;
				GCC_WARN_UNINITIALIZED_AUTOS = YES_AGGRESSIVE;
				GCC_WARN_UNUSED_FUNCTION = YES;
				GCC_WARN_UNUSED_VARIABLE = YES;
				IPHONEOS_DEPLOYMENT_TARGET = 11.1;
				MTL_ENABLE_DEBUG_INFO = YES;
				ONLY_ACTIVE_ARCH = YES;
				SDKROOT = iphoneos;
				SWIFT_ACTIVE_COMPILATION_CONDITIONS = DEBUG;
				SWIFT_OPTIMIZATION_LEVEL = "-Onone";
			};
			name = Debug;
		};
		EAF689701FAFF97900694EF5 /* Release */ = {
			isa = XCBuildConfiguration;
			buildSettings = {
				ALWAYS_SEARCH_USER_PATHS = NO;
				CLANG_ANALYZER_NONNULL = YES;
				CLANG_ANALYZER_NUMBER_OBJECT_CONVERSION = YES_AGGRESSIVE;
				CLANG_CXX_LANGUAGE_STANDARD = "gnu++14";
				CLANG_CXX_LIBRARY = "libc++";
				CLANG_ENABLE_MODULES = YES;
				CLANG_ENABLE_OBJC_ARC = YES;
				CLANG_WARN_BLOCK_CAPTURE_AUTORELEASING = YES;
				CLANG_WARN_BOOL_CONVERSION = YES;
				CLANG_WARN_COMMA = YES;
				CLANG_WARN_CONSTANT_CONVERSION = YES;
				CLANG_WARN_DIRECT_OBJC_ISA_USAGE = YES_ERROR;
				CLANG_WARN_DOCUMENTATION_COMMENTS = YES;
				CLANG_WARN_EMPTY_BODY = YES;
				CLANG_WARN_ENUM_CONVERSION = YES;
				CLANG_WARN_INFINITE_RECURSION = YES;
				CLANG_WARN_INT_CONVERSION = YES;
				CLANG_WARN_NON_LITERAL_NULL_CONVERSION = YES;
				CLANG_WARN_OBJC_LITERAL_CONVERSION = YES;
				CLANG_WARN_OBJC_ROOT_CLASS = YES_ERROR;
				CLANG_WARN_RANGE_LOOP_ANALYSIS = YES;
				CLANG_WARN_STRICT_PROTOTYPES = YES;
				CLANG_WARN_SUSPICIOUS_MOVE = YES;
				CLANG_WARN_UNGUARDED_AVAILABILITY = YES_AGGRESSIVE;
				CLANG_WARN_UNREACHABLE_CODE = YES;
				CLANG_WARN__DUPLICATE_METHOD_MATCH = YES;
				CODE_SIGN_IDENTITY = "iPhone Developer";
				COPY_PHASE_STRIP = NO;
				DEBUG_INFORMATION_FORMAT = "dwarf-with-dsym";
				ENABLE_NS_ASSERTIONS = NO;
				ENABLE_STRICT_OBJC_MSGSEND = YES;
				GCC_C_LANGUAGE_STANDARD = gnu11;
				GCC_NO_COMMON_BLOCKS = YES;
				GCC_WARN_64_TO_32_BIT_CONVERSION = YES;
				GCC_WARN_ABOUT_RETURN_TYPE = YES_ERROR;
				GCC_WARN_UNDECLARED_SELECTOR = YES;
				GCC_WARN_UNINITIALIZED_AUTOS = YES_AGGRESSIVE;
				GCC_WARN_UNUSED_FUNCTION = YES;
				GCC_WARN_UNUSED_VARIABLE = YES;
				IPHONEOS_DEPLOYMENT_TARGET = 11.1;
				MTL_ENABLE_DEBUG_INFO = NO;
				SDKROOT = iphoneos;
				SWIFT_OPTIMIZATION_LEVEL = "-Owholemodule";
				VALIDATE_PRODUCT = YES;
			};
			name = Release;
		};
		EAF689721FAFF97900694EF5 /* Debug */ = {
			isa = XCBuildConfiguration;
			buildSettings = {
				ASSETCATALOG_COMPILER_APPICON_NAME = AppIcon;
				CODE_SIGN_STYLE = Automatic;
				DEVELOPMENT_TEAM = GQGWLL3R99;
				INFOPLIST_FILE = "app-swoosh/Info.plist";
				LD_RUNPATH_SEARCH_PATHS = "$(inherited) @executable_path/Frameworks";
				PRODUCT_BUNDLE_IDENTIFIER = "geekylabs.app-swoosh";
				PRODUCT_NAME = "$(TARGET_NAME)";
				SWIFT_VERSION = 4.0;
				TARGETED_DEVICE_FAMILY = "1,2";
			};
			name = Debug;
		};
		EAF689731FAFF97900694EF5 /* Release */ = {
			isa = XCBuildConfiguration;
			buildSettings = {
				ASSETCATALOG_COMPILER_APPICON_NAME = AppIcon;
				CODE_SIGN_STYLE = Automatic;
				DEVELOPMENT_TEAM = GQGWLL3R99;
				INFOPLIST_FILE = "app-swoosh/Info.plist";
				LD_RUNPATH_SEARCH_PATHS = "$(inherited) @executable_path/Frameworks";
				PRODUCT_BUNDLE_IDENTIFIER = "geekylabs.app-swoosh";
				PRODUCT_NAME = "$(TARGET_NAME)";
				SWIFT_VERSION = 4.0;
				TARGETED_DEVICE_FAMILY = "1,2";
			};
			name = Release;
		};
/* End XCBuildConfiguration section */

/* Begin XCConfigurationList section */
		EAF6895A1FAFF97800694EF5 /* Build configuration list for PBXProject "app-swoosh" */ = {
			isa = XCConfigurationList;
			buildConfigurations = (
				EAF6896F1FAFF97900694EF5 /* Debug */,
				EAF689701FAFF97900694EF5 /* Release */,
			);
			defaultConfigurationIsVisible = 0;
			defaultConfigurationName = Release;
		};
		EAF689711FAFF97900694EF5 /* Build configuration list for PBXNativeTarget "app-swoosh" */ = {
			isa = XCConfigurationList;
			buildConfigurations = (
				EAF689721FAFF97900694EF5 /* Debug */,
				EAF689731FAFF97900694EF5 /* Release */,
			);
			defaultConfigurationIsVisible = 0;
			defaultConfigurationName = Release;
		};
/* End XCConfigurationList section */
	};
	rootObject = EAF689571FAFF97800694EF5 /* Project object */;
}
